
Microsoft Visual Studio Solution File, Format Version 12.00
# Visual Studio 15
VisualStudioVersion = 15.0.27130.2027
MinimumVisualStudioVersion = 10.0.40219.1
Project("{FAE04EC0-301F-11D3-BF4B-00C04F79EFBC}") = "BT_32_102140091_LamQuangSang", "BT_32_102140091_LamQuangSang\BT_32_102140091_LamQuangSang.csproj", "{1EB000CF-8EEA-46DF-90AE-89388B887E58}"
EndProject
Global
	GlobalSection(SolutionConfigurationPlatforms) = preSolution
		Debug|Any CPU = Debug|Any CPU
		Release|Any CPU = Release|Any CPU
	EndGlobalSection
	GlobalSection(ProjectConfigurationPlatforms) = postSolution
		{1EB000CF-8EEA-46DF-90AE-89388B887E58}.Debug|Any CPU.ActiveCfg = Debug|Any CPU
		{1EB000CF-8EEA-46DF-90AE-89388B887E58}.Debug|Any CPU.Build.0 = Debug|Any CPU
		{1EB000CF-8EEA-46DF-90AE-89388B887E58}.Release|Any CPU.ActiveCfg = Release|Any CPU
		{1EB000CF-8EEA-46DF-90AE-89388B887E58}.Release|Any CPU.Build.0 = Release|Any CPU
	EndGlobalSection
	GlobalSection(SolutionProperties) = preSolution
		HideSolutionNode = FALSE
	EndGlobalSection
	GlobalSection(ExtensibilityGlobals) = postSolution
		SolutionGuid = {42D09759-14E2-437F-AF19-539BCF741F61}
	EndGlobalSection
EndGlobal
